
Microsoft Visual Studio Solution File, Format Version 12.00
# Visual Studio Version 17
VisualStudioVersion = 17.0.31717.71
MinimumVisualStudioVersion = 10.0.40219.1
Project("{FAE04EC0-301F-11D3-BF4B-00C04F79EFBC}") = "phieucan", "phieucan\phieucan.csproj", "{B3762D6A-77A4-4DC0-B821-70D7F8CF1D0B}"
EndProject
Global
	GlobalSection(SolutionConfigurationPlatforms) = preSolution
		Debug|Any CPU = Debug|Any CPU
		Release|Any CPU = Release|Any CPU
	EndGlobalSection
	GlobalSection(ProjectConfigurationPlatforms) = postSolution
		{B3762D6A-77A4-4DC0-B821-70D7F8CF1D0B}.Debug|Any CPU.ActiveCfg = Debug|Any CPU
		{B3762D6A-77A4-4DC0-B821-70D7F8CF1D0B}.Debug|Any CPU.Build.0 = Debug|Any CPU
		{B3762D6A-77A4-4DC0-B821-70D7F8CF1D0B}.Release|Any CPU.ActiveCfg = Release|Any CPU
		{B3762D6A-77A4-4DC0-B821-70D7F8CF1D0B}.Release|Any CPU.Build.0 = Release|Any CPU
	EndGlobalSection
	GlobalSection(SolutionProperties) = preSolution
		HideSolutionNode = FALSE
	EndGlobalSection
	GlobalSection(ExtensibilityGlobals) = postSolution
		SolutionGuid = {5798B33C-54CC-411D-959B-203957750BEC}
	EndGlobalSection
EndGlobal
